
Microsoft Visual Studio Solution File, Format Version 12.00
# Visual Studio Version 17
VisualStudioVersion = 17.10.34928.147
MinimumVisualStudioVersion = 10.0.40219.1
Project("{FAE04EC0-301F-11D3-BF4B-00C04F79EFBC}") = "LoopFor", "HomeWork4\LoopFor.csproj", "{48006A32-87B9-4701-A40D-22A665820358}"
EndProject
Project("{FAE04EC0-301F-11D3-BF4B-00C04F79EFBC}") = "LoopDoWhile", "LoopDoWhile\LoopDoWhile.csproj", "{8DD6BC76-D589-47CD-829F-837660EBBE9C}"
EndProject
Project("{FAE04EC0-301F-11D3-BF4B-00C04F79EFBC}") = "LoopWhile", "LoopWhile\LoopWhile.csproj", "{12B9C4EC-F38A-4E8B-8F9F-52E549DA622A}"
EndProject
Global
	GlobalSection(SolutionConfigurationPlatforms) = preSolution
		Debug|Any CPU = Debug|Any CPU
		Release|Any CPU = Release|Any CPU
	EndGlobalSection
	GlobalSection(ProjectConfigurationPlatforms) = postSolution
		{48006A32-87B9-4701-A40D-22A665820358}.Debug|Any CPU.ActiveCfg = Debug|Any CPU
		{48006A32-87B9-4701-A40D-22A665820358}.Debug|Any CPU.Build.0 = Debug|Any CPU
		{48006A32-87B9-4701-A40D-22A665820358}.Release|Any CPU.ActiveCfg = Release|Any CPU
		{48006A32-87B9-4701-A40D-22A665820358}.Release|Any CPU.Build.0 = Release|Any CPU
		{8DD6BC76-D589-47CD-829F-837660EBBE9C}.Debug|Any CPU.ActiveCfg = Debug|Any CPU
		{8DD6BC76-D589-47CD-829F-837660EBBE9C}.Debug|Any CPU.Build.0 = Debug|Any CPU
		{8DD6BC76-D589-47CD-829F-837660EBBE9C}.Release|Any CPU.ActiveCfg = Release|Any CPU
		{8DD6BC76-D589-47CD-829F-837660EBBE9C}.Release|Any CPU.Build.0 = Release|Any CPU
		{12B9C4EC-F38A-4E8B-8F9F-52E549DA622A}.Debug|Any CPU.ActiveCfg = Debug|Any CPU
		{12B9C4EC-F38A-4E8B-8F9F-52E549DA622A}.Debug|Any CPU.Build.0 = Debug|Any CPU
		{12B9C4EC-F38A-4E8B-8F9F-52E549DA622A}.Release|Any CPU.ActiveCfg = Release|Any CPU
		{12B9C4EC-F38A-4E8B-8F9F-52E549DA622A}.Release|Any CPU.Build.0 = Release|Any CPU
	EndGlobalSection
	GlobalSection(SolutionProperties) = preSolution
		HideSolutionNode = FALSE
	EndGlobalSection
	GlobalSection(ExtensibilityGlobals) = postSolution
		SolutionGuid = {2F388588-436C-4EBE-BAEA-E9BFFED1F491}
	EndGlobalSection
EndGlobal
